<?xml version="1.0" encoding="utf-8"?>
<Project ToolsVersion="4.0" xmlns="http://schemas.microsoft.com/developer/msbuild/2003">
  <ItemGroup>
    <Filter Include="Исходные файлы">
      <UniqueIdentifier>{4FC737F1-C7A5-4376-A066-2A32D752A2FF}</UniqueIdentifier>
      <Extensions>cpp;c;cc;cxx;c++;cppm;ixx;def;odl;idl;hpj;bat;asm;asmx</Extensions>
    </Filter>
    <Filter Include="Файлы заголовков">
      <UniqueIdentifier>{93995380-89BD-4b04-88EB-625FBE52EBFB}</UniqueIdentifier>
      <Extensions>h;hh;hpp;hxx;h++;hm;inl;inc;ipp;xsd</Extensions>
    </Filter>
    <Filter Include="Файлы ресурсов">
      <UniqueIdentifier>{67DA6AB6-F800-4c08-8B7A-83BB121AAD01}</UniqueIdentifier>
      <Extensions>rc;ico;cur;bmp;dlg;rc2;rct;bin;rgs;gif;jpg;jpeg;jpe;resx;tiff;tif;png;wav;mfcribbon-ms</Extensions>
    </Filter>
    <Filter Include="Исходные файлы\Scene">
      <UniqueIdentifier>{76d88377-dadc-4fc3-bc47-35618ca91a05}</UniqueIdentifier>
    </Filter>
    <Filter Include="Исходные файлы\Camera">
      <UniqueIdentifier>{9deafa3a-9f73-4608-9837-ba46407c9ecd}</UniqueIdentifier>
    </Filter>
    <Filter Include="Исходные файлы\GeomPrimitives">
      <UniqueIdentifier>{0c697fe8-c20c-4470-b002-4abcacc17865}</UniqueIdentifier>
    </Filter>
    <Filter Include="Исходные файлы\Input">
      <UniqueIdentifier>{c1e683e9-aa05-4ac3-8540-c077cd46da89}</UniqueIdentifier>
    </Filter>
    <Filter Include="Исходные файлы\Renderer">
      <UniqueIdentifier>{26e2ff5d-1166-46e5-95c1-07ff7947f34b}</UniqueIdentifier>
    </Filter>
    <Filter Include="Исходные файлы\Shaders">
      <UniqueIdentifier>{235d0c35-332e-4597-8f22-be681d94144f}</UniqueIdentifier>
    </Filter>
    <Filter Include="Исходные файлы\GeomPrimitives\Box">
      <UniqueIdentifier>{99a612e9-5564-4acf-bb2f-36ec31cffa0a}</UniqueIdentifier>
    </Filter>
    <Filter Include="Исходные файлы\GeomPrimitives\Sphere">
      <UniqueIdentifier>{a39ceb90-6e05-45e1-98ce-016ce709b185}</UniqueIdentifier>
    </Filter>
    <Filter Include="Исходные файлы\Shaders\Postprocessing">
      <UniqueIdentifier>{ba7b2653-ef8f-4e13-a228-0138ead88fd9}</UniqueIdentifier>
    </Filter>
    <Filter Include="Исходные файлы\Shaders\Postprocessing\Tonemapping">
      <UniqueIdentifier>{fadf7a16-ab57-42b6-9822-ec44dd6572a4}</UniqueIdentifier>
    </Filter>
    <Filter Include="D3DInclude">
      <UniqueIdentifier>{f087653f-ae33-4704-a8f6-aaceef22d4dc}</UniqueIdentifier>
    </Filter>
    <Filter Include="Исходные файлы\Renderer\Postprocessing">
      <UniqueIdentifier>{972d8f0c-a9eb-4fe6-a0d8-bda74cea6fcc}</UniqueIdentifier>
    </Filter>
    <Filter Include="Исходные файлы\Renderer\SceenPlane">
      <UniqueIdentifier>{2760bf0e-da49-46f1-aeb2-53c58f8e9cc5}</UniqueIdentifier>
    </Filter>
    <Filter Include="Исходные файлы\Renderer\RenderTargetTexture">
      <UniqueIdentifier>{63cace9a-dee7-4ece-ac00-0c773f0dbd24}</UniqueIdentifier>
    </Filter>
    <Filter Include="Исходные файлы\Scene\Rendered light">
      <UniqueIdentifier>{a24a547f-a970-4dd1-b6ca-44fbde1416d8}</UniqueIdentifier>
    </Filter>
    <Filter Include="Исходные файлы\Scene\Rendered primitives">
      <UniqueIdentifier>{bf82fae2-ea51-487b-b912-be27045fe79f}</UniqueIdentifier>
    </Filter>
    <Filter Include="Исходные файлы\Scene\Rendered primitives\Box">
      <UniqueIdentifier>{2bac8914-b179-4002-b98c-5871b6a694b1}</UniqueIdentifier>
    </Filter>
    <Filter Include="Исходные файлы\Scene\Rendered primitives\Sphere">
      <UniqueIdentifier>{6a006713-ac73-4e8d-a162-450b9b8f1fdf}</UniqueIdentifier>
    </Filter>
    <Filter Include="Исходные файлы\Scene\Skybox">
      <UniqueIdentifier>{b5b30988-1b27-4b99-99d0-5105b5dab208}</UniqueIdentifier>
    </Filter>
    <Filter Include="Исходные файлы\Scene\Base class">
      <UniqueIdentifier>{bfede99c-b6c7-4b84-90bf-a92c87faae08}</UniqueIdentifier>
    </Filter>
    <Filter Include="Исходные файлы\Materials">
      <UniqueIdentifier>{f913d7aa-a3e0-420f-8f36-a2fca7716921}</UniqueIdentifier>
    </Filter>
    <Filter Include="Исходные файлы\Materials\Texture">
      <UniqueIdentifier>{310757a4-f606-45a1-8da8-59b1eff725cd}</UniqueIdentifier>
    </Filter>
    <Filter Include="Исходные файлы\Materials\Texture\DDSLoader">
      <UniqueIdentifier>{9321f0e9-f74c-48e4-9107-f4c76a77a1c2}</UniqueIdentifier>
    </Filter>
    <Filter Include="Исходные файлы\Shaders\Skybox">
      <UniqueIdentifier>{ed1c6a0f-547d-4ae5-9496-6a6c6e26238e}</UniqueIdentifier>
    </Filter>
    <Filter Include="Исходные файлы\Shaders\LightableModels">
      <UniqueIdentifier>{4edb1b69-7f37-4dd4-80de-40bc40bc5212}</UniqueIdentifier>
    </Filter>
    <Filter Include="Исходные файлы\Shaders\RawColorfulObjs">
      <UniqueIdentifier>{f4158563-08aa-4744-adad-3fae9626a97c}</UniqueIdentifier>
    </Filter>
    <Filter Include="Исходные файлы\Shaders\LightableModels\LightableObjs">
      <UniqueIdentifier>{8b53c245-175b-4eeb-8c20-c559fa9363de}</UniqueIdentifier>
    </Filter>
    <Filter Include="Исходные файлы\Shaders\LightableModels\PBRColorObjs">
      <UniqueIdentifier>{37248fdc-f3a3-4dd3-a0c1-2545e78002b0}</UniqueIdentifier>
    </Filter>
    <Filter Include="libs">
      <UniqueIdentifier>{9f085e88-e64a-4b23-b6d7-b72bf96bd6ab}</UniqueIdentifier>
    </Filter>
    <Filter Include="libs\ImGUI">
      <UniqueIdentifier>{673f4ff8-4da2-476d-84f9-ff935d7c2333}</UniqueIdentifier>
    </Filter>
  </ItemGroup>
  <ItemGroup>
    <ClInclude Include="resource1.h">
      <Filter>Файлы заголовков</Filter>
    </ClInclude>
    <ClInclude Include="camera.h">
      <Filter>Исходные файлы\Camera</Filter>
    </ClInclude>
    <ClInclude Include="input.h">
      <Filter>Исходные файлы\Input</Filter>
    </ClInclude>
    <ClInclude Include="renderer.h">
      <Filter>Исходные файлы\Renderer</Filter>
    </ClInclude>
    <ClInclude Include="scene.h">
      <Filter>Исходные файлы\Scene</Filter>
    </ClInclude>
    <ClInclude Include="geomSphere.h">
      <Filter>Исходные файлы\GeomPrimitives\Sphere</Filter>
    </ClInclude>
    <ClInclude Include="D3DInclude.h">
      <Filter>D3DInclude</Filter>
    </ClInclude>
    <ClInclude Include="geomBox.h">
      <Filter>Исходные файлы\GeomPrimitives\Box</Filter>
    </ClInclude>
    <ClInclude Include="renderTargetTexture.h">
      <Filter>Исходные файлы\Renderer\RenderTargetTexture</Filter>
    </ClInclude>
    <ClInclude Include="screenplane.h">
      <Filter>Исходные файлы\Renderer\SceenPlane</Filter>
    </ClInclude>
    <ClInclude Include="postprocessing.h">
      <Filter>Исходные файлы\Renderer\Postprocessing</Filter>
    </ClInclude>
    <ClInclude Include="Sphere.h">
      <Filter>Исходные файлы\Scene\Rendered primitives\Sphere</Filter>
    </ClInclude>
    <ClInclude Include="Box.h">
      <Filter>Исходные файлы\Scene\Rendered primitives\Box</Filter>
    </ClInclude>
    <ClInclude Include="rendered.h">
      <Filter>Исходные файлы\Scene\Base class</Filter>
    </ClInclude>
    <ClInclude Include="light.h">
      <Filter>Исходные файлы\Scene\Rendered light</Filter>
    </ClInclude>
    <ClInclude Include="skybox.h">
      <Filter>Исходные файлы\Scene\Skybox</Filter>
    </ClInclude>
    <ClInclude Include="texture.h">
      <Filter>Исходные файлы\Materials\Texture</Filter>
    </ClInclude>
    <ClInclude Include="DDSTextureLoader.h">
      <Filter>Исходные файлы\Materials\Texture\DDSLoader</Filter>
    </ClInclude>
    <ClInclude Include="lightCalc.h">
      <Filter>Исходные файлы\Shaders\LightableModels\LightableObjs</Filter>
    </ClInclude>
    <ClInclude Include="materials.h">
      <Filter>Исходные файлы\Materials</Filter>
    </ClInclude>
    <ClInclude Include="sceneConstantBuffer.h">
      <Filter>Исходные файлы\Shaders\LightableModels\LightableObjs</Filter>
    </ClInclude>
    <ClInclude Include="PBRBuffers.h">
      <Filter>Исходные файлы\Shaders\LightableModels\PBRColorObjs</Filter>
    </ClInclude>
    <ClInclude Include="..\libs\ImGUI\imconfig.h">
      <Filter>libs\ImGUI</Filter>
    </ClInclude>
    <ClInclude Include="..\libs\ImGUI\imgui.h">
      <Filter>libs\ImGUI</Filter>
    </ClInclude>
    <ClInclude Include="..\libs\ImGUI\imgui_impl_dx11.h">
      <Filter>libs\ImGUI</Filter>
    </ClInclude>
    <ClInclude Include="..\libs\ImGUI\imgui_impl_win32.h">
      <Filter>libs\ImGUI</Filter>
    </ClInclude>
    <ClInclude Include="..\libs\ImGUI\imgui_internal.h">
      <Filter>libs\ImGUI</Filter>
    </ClInclude>
    <ClInclude Include="..\libs\ImGUI\imstb_rectpack.h">
      <Filter>libs\ImGUI</Filter>
    </ClInclude>
    <ClInclude Include="..\libs\ImGUI\imstb_textedit.h">
      <Filter>libs\ImGUI</Filter>
    </ClInclude>
    <ClInclude Include="..\libs\ImGUI\imstb_truetype.h">
      <Filter>libs\ImGUI</Filter>
    </ClInclude>
  </ItemGroup>
  <ItemGroup>
    <ClCompile Include="main.cpp">
      <Filter>Исходные файлы</Filter>
    </ClCompile>
    <ClCompile Include="camera.cpp">
      <Filter>Исходные файлы\Camera</Filter>
    </ClCompile>
    <ClCompile Include="input.cpp">
      <Filter>Исходные файлы\Input</Filter>
    </ClCompile>
    <ClCompile Include="renderer.cpp">
      <Filter>Исходные файлы\Renderer</Filter>
    </ClCompile>
    <ClCompile Include="scene.cpp">
      <Filter>Исходные файлы\Scene</Filter>
    </ClCompile>
    <ClCompile Include="geomSphere.cpp">
      <Filter>Исходные файлы\GeomPrimitives\Sphere</Filter>
    </ClCompile>
    <ClCompile Include="D3DInclude.cpp">
      <Filter>D3DInclude</Filter>
    </ClCompile>
    <ClCompile Include="geomBox.cpp">
      <Filter>Исходные файлы\GeomPrimitives\Box</Filter>
    </ClCompile>
    <ClCompile Include="renderTargetTexture.cpp">
      <Filter>Исходные файлы\Renderer\RenderTargetTexture</Filter>
    </ClCompile>
    <ClCompile Include="screenplane.cpp">
      <Filter>Исходные файлы\Renderer\SceenPlane</Filter>
    </ClCompile>
    <ClCompile Include="postprocessing.cpp">
      <Filter>Исходные файлы\Renderer\Postprocessing</Filter>
    </ClCompile>
    <ClCompile Include="Sphere.cpp">
      <Filter>Исходные файлы\Scene\Rendered primitives\Sphere</Filter>
    </ClCompile>
    <ClCompile Include="Box.cpp">
      <Filter>Исходные файлы\Scene\Rendered primitives\Box</Filter>
    </ClCompile>
    <ClCompile Include="rendered.cpp">
      <Filter>Исходные файлы\Scene\Base class</Filter>
    </ClCompile>
    <ClCompile Include="light.cpp">
      <Filter>Исходные файлы\Scene\Rendered light</Filter>
    </ClCompile>
    <ClCompile Include="skybox.cpp">
      <Filter>Исходные файлы\Scene\Skybox</Filter>
    </ClCompile>
    <ClCompile Include="texture.cpp">
      <Filter>Исходные файлы\Materials\Texture</Filter>
    </ClCompile>
    <ClCompile Include="DDSTextureLoader.cpp">
      <Filter>Исходные файлы\Materials\Texture\DDSLoader</Filter>
    </ClCompile>
    <ClCompile Include="..\libs\ImGUI\imgui.cpp">
      <Filter>libs\ImGUI</Filter>
    </ClCompile>
    <ClCompile Include="..\libs\ImGUI\imgui_demo.cpp">
      <Filter>libs\ImGUI</Filter>
    </ClCompile>
    <ClCompile Include="..\libs\ImGUI\imgui_draw.cpp">
      <Filter>libs\ImGUI</Filter>
    </ClCompile>
    <ClCompile Include="..\libs\ImGUI\imgui_impl_dx11.cpp">
      <Filter>libs\ImGUI</Filter>
    </ClCompile>
    <ClCompile Include="..\libs\ImGUI\imgui_impl_win32.cpp">
      <Filter>libs\ImGUI</Filter>
    </ClCompile>
    <ClCompile Include="..\libs\ImGUI\imgui_widgets.cpp">
      <Filter>libs\ImGUI</Filter>
    </ClCompile>
  </ItemGroup>
  <ItemGroup>
    <ResourceCompile Include="t4_IBLdiff.rc">
      <Filter>Файлы ресурсов</Filter>
    </ResourceCompile>
  </ItemGroup>
  <ItemGroup>
    <FxCompile Include="BrightnessCalc.hlsl">
      <Filter>Исходные файлы\Shaders\Postprocessing\Tonemapping</Filter>
    </FxCompile>
    <FxCompile Include="HDR.hlsl">
      <Filter>Исходные файлы\Shaders\Postprocessing\Tonemapping</Filter>
    </FxCompile>
    <FxCompile Include="sampling_PS.hlsl">
      <Filter>Исходные файлы\Shaders\Postprocessing\Tonemapping</Filter>
    </FxCompile>
    <FxCompile Include="screen_plane_VS.hlsl">
      <Filter>Исходные файлы\Shaders\Postprocessing</Filter>
    </FxCompile>
    <FxCompile Include="skybox_PS.hlsl">
      <Filter>Исходные файлы\Shaders\Skybox</Filter>
    </FxCompile>
    <FxCompile Include="skybox_VS.hlsl">
      <Filter>Исходные файлы\Shaders\Skybox</Filter>
    </FxCompile>
    <FxCompile Include="sphere_PS.hlsl">
      <Filter>Исходные файлы\Shaders\LightableModels\PBRColorObjs</Filter>
    </FxCompile>
    <FxCompile Include="sphere_VS.hlsl">
      <Filter>Исходные файлы\Shaders\LightableModels\PBRColorObjs</Filter>
    </FxCompile>
    <FxCompile Include="box_PS.hlsl">
      <Filter>Исходные файлы\Shaders\LightableModels\LightableObjs</Filter>
    </FxCompile>
    <FxCompile Include="box_VS.hlsl">
      <Filter>Исходные файлы\Shaders\LightableModels\LightableObjs</Filter>
    </FxCompile>
    <FxCompile Include="no_lightning_VS.hlsl">
      <Filter>Исходные файлы\Shaders\RawColorfulObjs</Filter>
    </FxCompile>
    <FxCompile Include="no_lightning_PS.hlsl">
      <Filter>Исходные файлы\Shaders\RawColorfulObjs</Filter>
    </FxCompile>
  </ItemGroup>
</Project>